
Microsoft Visual Studio Solution File, Format Version 12.00
# Visual Studio Version 16
VisualStudioVersion = 16.0.31019.35
MinimumVisualStudioVersion = 10.0.40219.1
Project("{2150E333-8FDC-42A3-9474-1A3956D46DE8}") = "application", "application", "{491A2254-00BE-4846-B2AF-FC0852FF24E8}"
EndProject
Project("{9A19103F-16F7-4668-BE54-9A1E7A4F7556}") = "GoogleContacts.App", "GoogleContacts.App\GoogleContacts.App.csproj", "{EE5A79F3-7EF2-4BFA-BAA3-9E13A6243412}"
EndProject
Global
	GlobalSection(SolutionConfigurationPlatforms) = preSolution
		Debug|Any CPU = Debug|Any CPU
		Release|Any CPU = Release|Any CPU
	EndGlobalSection
	GlobalSection(ProjectConfigurationPlatforms) = postSolution
		{EE5A79F3-7EF2-4BFA-BAA3-9E13A6243412}.Debug|Any CPU.ActiveCfg = Debug|Any CPU
		{EE5A79F3-7EF2-4BFA-BAA3-9E13A6243412}.Debug|Any CPU.Build.0 = Debug|Any CPU
		{EE5A79F3-7EF2-4BFA-BAA3-9E13A6243412}.Release|Any CPU.ActiveCfg = Release|Any CPU
		{EE5A79F3-7EF2-4BFA-BAA3-9E13A6243412}.Release|Any CPU.Build.0 = Release|Any CPU
	EndGlobalSection
	GlobalSection(SolutionProperties) = preSolution
		HideSolutionNode = FALSE
	EndGlobalSection
	GlobalSection(NestedProjects) = preSolution
		{EE5A79F3-7EF2-4BFA-BAA3-9E13A6243412} = {491A2254-00BE-4846-B2AF-FC0852FF24E8}
	EndGlobalSection
	GlobalSection(ExtensibilityGlobals) = postSolution
		SolutionGuid = {2F46F30E-742D-48DF-A566-BD9DDEEEF9BC}
	EndGlobalSection
EndGlobal
